
Microsoft Visual Studio Solution File, Format Version 12.00
# Visual Studio Version 16
VisualStudioVersion = 25.0.1700.0
MinimumVisualStudioVersion = 10.0.40219.1
Project("{FAE04EC0-301F-11D3-BF4B-00C04F79EFBC}") = "DatabaseFirst", "Test1Retake\DatabaseFirst.csproj", "{80613CC9-0BDA-4EBB-8B08-B22AB0EB7080}"
EndProject
Global
	GlobalSection(SolutionConfigurationPlatforms) = preSolution
		Debug|Any CPU = Debug|Any CPU
		Release|Any CPU = Release|Any CPU
	EndGlobalSection
	GlobalSection(ProjectConfigurationPlatforms) = postSolution
		{80613CC9-0BDA-4EBB-8B08-B22AB0EB7080}.Debug|Any CPU.ActiveCfg = Debug|Any CPU
		{80613CC9-0BDA-4EBB-8B08-B22AB0EB7080}.Debug|Any CPU.Build.0 = Debug|Any CPU
		{80613CC9-0BDA-4EBB-8B08-B22AB0EB7080}.Release|Any CPU.ActiveCfg = Release|Any CPU
		{80613CC9-0BDA-4EBB-8B08-B22AB0EB7080}.Release|Any CPU.Build.0 = Release|Any CPU
	EndGlobalSection
	GlobalSection(SolutionProperties) = preSolution
		HideSolutionNode = FALSE
	EndGlobalSection
	GlobalSection(ExtensibilityGlobals) = postSolution
		SolutionGuid = {A3BD80D6-C1BB-4583-8F53-F6EDDEEB7B91}
	EndGlobalSection
EndGlobal
